{
  "nodes": {
    "flake-utils": {
      "locked": {
        "lastModified": 1659877975,
        "narHash": "sha256-zllb8aq3YO3h8B/U0/J1WBgAL8EX5yWf5pMj3G0NAmc=",
        "owner": "numtide",
        "repo": "flake-utils",
        "rev": "c0e246b9b83f637f4681389ecabcb2681b4f3af0",
        "type": "github"
      },
      "original": {
        "owner": "numtide",
        "repo": "flake-utils",
        "type": "github"
      }
    },
    "macname": {
      "inputs": {
        "nixpkgs": "nixpkgs_2"
      },
      "locked": {
        "lastModified": 1649159517,
        "narHash": "sha256-s8/Z7jf/8PzEV8ZFcTyB3QlJ0WvQZBp4pttRQFt/U9U=",
        "owner": "vkleen",
        "repo": "macname",
        "rev": "b68cefc68a3de8909c38d0a617c288af8b64c318",
        "type": "github"
      },
      "original": {
        "owner": "vkleen",
        "repo": "macname",
        "type": "github"
      }
    },
    "neovim-flake": {
      "inputs": {
        "flake-utils": "flake-utils",
        "nixpkgs": [
          "nixpkgs"
        ]
      },
      "locked": {
        "dir": "contrib",
        "lastModified": 1667897328,
        "narHash": "sha256-jwdTgwWUUraNQ0UC735EhRTQqN2kdlZfrfyE+QAQP98=",
        "owner": "neovim",
        "repo": "neovim",
        "rev": "fae754073289566051433fae74ec65783f9e7a6a",
        "type": "github"
      },
      "original": {
        "dir": "contrib",
        "owner": "neovim",
        "repo": "neovim",
        "type": "github"
      }
    },
    "nixpkgs": {
      "locked": {
        "lastModified": 1667897130,
        "narHash": "sha256-s8gf6ysK3q6GigxUgaLp1NPH12Tz74ycAb8arlDFNVE=",
        "owner": "NixOS",
        "repo": "nixpkgs",
        "rev": "12ac168cc776030ada752deb43da8cc751074748",
        "type": "github"
      },
      "original": {
        "owner": "NixOS",
        "repo": "nixpkgs",
        "type": "github"
      }
    },
    "nixpkgs_2": {
      "locked": {
        "lastModified": 1649158400,
        "narHash": "sha256-zifk5dGzYd7Plr1nbudIzwHJHXqXiddDlu6eId4PElg=",
        "owner": "NixOS",
        "repo": "nixpkgs",
        "rev": "0c7c76fa9e2f5c7b446c1182c79eabac08588392",
        "type": "github"
      },
      "original": {
        "owner": "NixOS",
        "repo": "nixpkgs",
        "type": "github"
      }
    },
    "root": {
      "inputs": {
        "neovim-flake": "neovim-flake",
        "nixpkgs": "nixpkgs",
        "utils": "utils",
        "vimplugin-base46": "vimplugin-base46",
        "vimplugin-impatient": "vimplugin-impatient",
        "vimplugin-nvim-treesitter": "vimplugin-nvim-treesitter",
        "vimplugin-nvim-treesitter-context": "vimplugin-nvim-treesitter-context"
      }
    },
    "utils": {
      "inputs": {
        "macname": "macname",
        "nixpkgs": [
          "nixpkgs"
        ]
      },
      "locked": {
        "lastModified": 1649159676,
        "narHash": "sha256-HLL3AQqMG6iMaNzkEtG3n+MbP8DOKsj6/MO+q3XrCJs=",
        "owner": "vkleen",
        "repo": "machine-utils",
        "rev": "af714acdca27d243a07063eda67a3bcb97041390",
        "type": "github"
      },
      "original": {
        "owner": "vkleen",
        "repo": "machine-utils",
        "type": "github"
      }
    },
    "vimplugin-base46": {
      "flake": false,
      "locked": {
        "lastModified": 1666227362,
        "narHash": "sha256-dtBEJbNKSafUSYcjFW3X81CxKQnp/QbIwGBGUJ+MQV0=",
        "owner": "nvchad",
        "repo": "base46",
        "rev": "c152bc5e719945d2a252d303bf95cb38a8cd424b",
        "type": "github"
      },
      "original": {
        "owner": "nvchad",
        "repo": "base46",
        "type": "github"
      }
    },
    "vimplugin-impatient": {
      "flake": false,
      "locked": {
        "lastModified": 1660941248,
        "narHash": "sha256-zUsj9JtyG1gNZ276mIs6uZtTWN9LRYiRlnZQlOyonuA=",
        "owner": "lewis6991",
        "repo": "impatient.nvim",
        "rev": "b842e16ecc1a700f62adb9802f8355b99b52a5a6",
        "type": "github"
      },
      "original": {
        "owner": "lewis6991",
        "repo": "impatient.nvim",
        "type": "github"
      }
    },
    "vimplugin-nvim-treesitter": {
      "flake": false,
      "locked": {
        "lastModified": 1667895263,
        "narHash": "sha256-7PN2sTTrElTw38Iohr7kBLLstm8Z6g3x3s8TubDKxUE=",
        "owner": "nvim-treesitter",
        "repo": "nvim-treesitter",
        "rev": "d37fc85a4060352bcd4d8cbed0907cba442deb90",
        "type": "github"
      },
      "original": {
        "owner": "nvim-treesitter",
        "repo": "nvim-treesitter",
        "type": "github"
      }
    },
    "vimplugin-nvim-treesitter-context": {
      "flake": false,
      "locked": {
        "lastModified": 1666716816,
        "narHash": "sha256-F/KG22eYJcFXGRjvJkv7slESxJJEjy66ladyLs+ZNJQ=",
        "owner": "romgrk",
        "repo": "nvim-treesitter-context",
        "rev": "0dd5eae6dbf226107da2c2041ffbb695d9e267c1",
        "type": "github"
      },
      "original": {
        "owner": "romgrk",
        "repo": "nvim-treesitter-context",
        "type": "github"
      }
    }
  },
  "root": "root",
  "version": 7
}
