{
  "nodes": {
    "flake-utils": {
      "locked": {
        "lastModified": 1644229661,
        "narHash": "sha256-1YdnJAsNy69bpcjuoKdOYQX0YxZBiCYZo4Twxerqv7k=",
        "owner": "numtide",
        "repo": "flake-utils",
        "rev": "3cecb5b042f7f209c56ffd8371b2711a290ec797",
        "type": "github"
      },
      "original": {
        "owner": "numtide",
        "repo": "flake-utils",
        "type": "github"
      }
    },
    "macname": {
      "inputs": {
        "nixpkgs": "nixpkgs_2"
      },
      "locked": {
        "lastModified": 1649159517,
        "narHash": "sha256-s8/Z7jf/8PzEV8ZFcTyB3QlJ0WvQZBp4pttRQFt/U9U=",
        "owner": "vkleen",
        "repo": "macname",
        "rev": "b68cefc68a3de8909c38d0a617c288af8b64c318",
        "type": "github"
      },
      "original": {
        "owner": "vkleen",
        "repo": "macname",
        "type": "github"
      }
    },
    "neovim-flake": {
      "inputs": {
        "flake-utils": "flake-utils",
        "nixpkgs": [
          "nixpkgs"
        ]
      },
      "locked": {
        "dir": "contrib",
        "lastModified": 1656416156,
        "narHash": "sha256-6A9LBrI96+B0HUDLAGgZVsvESF9JdT2pbXBqFqyx1rc=",
        "owner": "neovim",
        "repo": "neovim",
        "rev": "e0f605bfd8b40b45a7efc88ffa0ee6b4a8a3307a",
        "type": "github"
      },
      "original": {
        "dir": "contrib",
        "id": "neovim-flake",
        "type": "indirect"
      }
    },
    "nixpkgs": {
      "locked": {
        "lastModified": 1656446174,
        "narHash": "sha256-G+jHreD8N33+9hy5uF6BWbFrANtQtF4N6ErDmMza29c=",
        "owner": "NixOS",
        "repo": "nixpkgs",
        "rev": "32c523914fdb8bf9cc7912b1eba023a8daaae2e8",
        "type": "github"
      },
      "original": {
        "id": "nixpkgs",
        "type": "indirect"
      }
    },
    "nixpkgs_2": {
      "locked": {
        "lastModified": 1649158400,
        "narHash": "sha256-zifk5dGzYd7Plr1nbudIzwHJHXqXiddDlu6eId4PElg=",
        "owner": "NixOS",
        "repo": "nixpkgs",
        "rev": "0c7c76fa9e2f5c7b446c1182c79eabac08588392",
        "type": "github"
      },
      "original": {
        "owner": "NixOS",
        "repo": "nixpkgs",
        "type": "github"
      }
    },
    "nixpkgs_3": {
      "locked": {
        "lastModified": 1649158400,
        "narHash": "sha256-zifk5dGzYd7Plr1nbudIzwHJHXqXiddDlu6eId4PElg=",
        "owner": "NixOS",
        "repo": "nixpkgs",
        "rev": "0c7c76fa9e2f5c7b446c1182c79eabac08588392",
        "type": "github"
      },
      "original": {
        "owner": "NixOS",
        "repo": "nixpkgs",
        "type": "github"
      }
    },
    "root": {
      "inputs": {
        "neovim-flake": "neovim-flake",
        "nixpkgs": "nixpkgs",
        "utils": "utils",
        "vimplugin-aerial-nvim": "vimplugin-aerial-nvim",
        "vimplugin-bufferline": "vimplugin-bufferline",
        "vimplugin-clever-f": "vimplugin-clever-f",
        "vimplugin-cmp-buffer": "vimplugin-cmp-buffer",
        "vimplugin-cmp-cmdline": "vimplugin-cmp-cmdline",
        "vimplugin-cmp-nvim-lsp": "vimplugin-cmp-nvim-lsp",
        "vimplugin-cmp-nvim-lua": "vimplugin-cmp-nvim-lua",
        "vimplugin-cmp-path": "vimplugin-cmp-path",
        "vimplugin-cmp_luasnip": "vimplugin-cmp_luasnip",
        "vimplugin-crates-nvim": "vimplugin-crates-nvim",
        "vimplugin-direnv-vim": "vimplugin-direnv-vim",
        "vimplugin-friendly-snippets": "vimplugin-friendly-snippets",
        "vimplugin-fterm": "vimplugin-fterm",
        "vimplugin-fzf-vim": "vimplugin-fzf-vim",
        "vimplugin-gitsigns-nvim": "vimplugin-gitsigns-nvim",
        "vimplugin-guihua": "vimplugin-guihua",
        "vimplugin-indent-blankline": "vimplugin-indent-blankline",
        "vimplugin-lightspeed-nvim": "vimplugin-lightspeed-nvim",
        "vimplugin-lsp-colors-nvim": "vimplugin-lsp-colors-nvim",
        "vimplugin-lsp_signature": "vimplugin-lsp_signature",
        "vimplugin-lspkind-nvim": "vimplugin-lspkind-nvim",
        "vimplugin-lspsaga-nvim": "vimplugin-lspsaga-nvim",
        "vimplugin-lualine": "vimplugin-lualine",
        "vimplugin-luasnip": "vimplugin-luasnip",
        "vimplugin-navigator": "vimplugin-navigator",
        "vimplugin-neorg": "vimplugin-neorg",
        "vimplugin-nerdcommenter": "vimplugin-nerdcommenter",
        "vimplugin-nftables": "vimplugin-nftables",
        "vimplugin-null-ls-nvim": "vimplugin-null-ls-nvim",
        "vimplugin-numb-nvim": "vimplugin-numb-nvim",
        "vimplugin-nvim-autopairs": "vimplugin-nvim-autopairs",
        "vimplugin-nvim-cmp": "vimplugin-nvim-cmp",
        "vimplugin-nvim-colorizer": "vimplugin-nvim-colorizer",
        "vimplugin-nvim-dap": "vimplugin-nvim-dap",
        "vimplugin-nvim-dap-ui": "vimplugin-nvim-dap-ui",
        "vimplugin-nvim-hlslens": "vimplugin-nvim-hlslens",
        "vimplugin-nvim-lspconfig": "vimplugin-nvim-lspconfig",
        "vimplugin-nvim-notify": "vimplugin-nvim-notify",
        "vimplugin-nvim-scrollbar": "vimplugin-nvim-scrollbar",
        "vimplugin-nvim-tree": "vimplugin-nvim-tree",
        "vimplugin-nvim-treesitter": "vimplugin-nvim-treesitter",
        "vimplugin-nvim-treesitter-context": "vimplugin-nvim-treesitter-context",
        "vimplugin-nvim-ts-rainbow": "vimplugin-nvim-ts-rainbow",
        "vimplugin-nvim-web-devicons": "vimplugin-nvim-web-devicons",
        "vimplugin-plenary-nvim": "vimplugin-plenary-nvim",
        "vimplugin-popup-nvim": "vimplugin-popup-nvim",
        "vimplugin-rust-tools": "vimplugin-rust-tools",
        "vimplugin-telescope-dap-nvim": "vimplugin-telescope-dap-nvim",
        "vimplugin-telescope-fzf-nvim": "vimplugin-telescope-fzf-nvim",
        "vimplugin-telescope-ghq": "vimplugin-telescope-ghq",
        "vimplugin-telescope-lsp-handlers": "vimplugin-telescope-lsp-handlers",
        "vimplugin-telescope-nvim": "vimplugin-telescope-nvim",
        "vimplugin-telescope-ui-select": "vimplugin-telescope-ui-select",
        "vimplugin-telescope-zoxide": "vimplugin-telescope-zoxide",
        "vimplugin-trouble-nvim": "vimplugin-trouble-nvim",
        "vimplugin-vim-nickel": "vimplugin-vim-nickel",
        "vimplugin-vim-vsnip": "vimplugin-vim-vsnip",
        "vimplugin-vim-vsnip-integ": "vimplugin-vim-vsnip-integ",
        "vimplugin-which-key-nvim": "vimplugin-which-key-nvim"
      }
    },
    "utils": {
      "inputs": {
        "macname": "macname",
        "nixpkgs": "nixpkgs_3"
      },
      "locked": {
        "host": "git.sr.ht.kleen.org",
        "lastModified": 1649159676,
        "narHash": "sha256-HLL3AQqMG6iMaNzkEtG3n+MbP8DOKsj6/MO+q3XrCJs=",
        "owner": "~vkleen",
        "repo": "machine-utils",
        "rev": "af714acdca27d243a07063eda67a3bcb97041390",
        "type": "sourcehut"
      },
      "original": {
        "id": "utils",
        "type": "indirect"
      }
    },
    "vimplugin-aerial-nvim": {
      "flake": false,
      "locked": {
        "lastModified": 1656308703,
        "narHash": "sha256-3cwWowaCAhZmvyCNThnpJ67ze7vopmI5+s9zkkHmxtI=",
        "owner": "stevearc",
        "repo": "aerial.nvim",
        "rev": "bd6de885a03df4b4fe9d2cadb5e4674a2bdf5cd3",
        "type": "github"
      },
      "original": {
        "owner": "stevearc",
        "repo": "aerial.nvim",
        "type": "github"
      }
    },
    "vimplugin-bufferline": {
      "flake": false,
      "locked": {
        "lastModified": 1655972265,
        "narHash": "sha256-A1OFEs/iKuXWe9vnM6WEC1L3FhGo8peFaIYNajMQxlc=",
        "owner": "akinsho",
        "repo": "bufferline.nvim",
        "rev": "68839d62785edfb4ff7a7b3c1e9f4b64d55749e8",
        "type": "github"
      },
      "original": {
        "owner": "akinsho",
        "repo": "bufferline.nvim",
        "type": "github"
      }
    },
    "vimplugin-clever-f": {
      "flake": false,
      "locked": {
        "lastModified": 1625658399,
        "narHash": "sha256-1iqRUdIECvPMez7AxieLAQB+rI2YOen89zdNs3dob5g=",
        "owner": "rhysd",
        "repo": "clever-f.vim",
        "rev": "fd370f27cca93918184a8043220cef1aa440a1fd",
        "type": "github"
      },
      "original": {
        "owner": "rhysd",
        "repo": "clever-f.vim",
        "type": "github"
      }
    },
    "vimplugin-cmp-buffer": {
      "flake": false,
      "locked": {
        "lastModified": 1655319089,
        "narHash": "sha256-+iNqM9lVowC1q4lfErN7CBPAVArVlp5yV9lwH77QnnE=",
        "owner": "hrsh7th",
        "repo": "cmp-buffer",
        "rev": "62fc67a2b0205136bc3e312664624ba2ab4a9323",
        "type": "github"
      },
      "original": {
        "owner": "hrsh7th",
        "repo": "cmp-buffer",
        "type": "github"
      }
    },
    "vimplugin-cmp-cmdline": {
      "flake": false,
      "locked": {
        "lastModified": 1651505875,
        "narHash": "sha256-yOxlWzM5u0fZlsQxP4NOo1NTGraGmqH4oAGdA8S1BhI=",
        "owner": "hrsh7th",
        "repo": "cmp-cmdline",
        "rev": "c36ca4bc1dedb12b4ba6546b96c43896fd6e7252",
        "type": "github"
      },
      "original": {
        "owner": "hrsh7th",
        "repo": "cmp-cmdline",
        "type": "github"
      }
    },
    "vimplugin-cmp-nvim-lsp": {
      "flake": false,
      "locked": {
        "lastModified": 1652705110,
        "narHash": "sha256-19Ka4EQhqo//IMjJ/DnXiHsevVWFy2M90oSjmBFfCO0=",
        "owner": "hrsh7th",
        "repo": "cmp-nvim-lsp",
        "rev": "affe808a5c56b71630f17aa7c38e15c59fd648a8",
        "type": "github"
      },
      "original": {
        "owner": "hrsh7th",
        "repo": "cmp-nvim-lsp",
        "type": "github"
      }
    },
    "vimplugin-cmp-nvim-lua": {
      "flake": false,
      "locked": {
        "lastModified": 1633919304,
        "narHash": "sha256-/xUfw5adjXu8ySZBBFrLVJ1FCNJzfh79wf+wJsW6sIY=",
        "owner": "hrsh7th",
        "repo": "cmp-nvim-lua",
        "rev": "d276254e7198ab7d00f117e88e223b4bd8c02d21",
        "type": "github"
      },
      "original": {
        "owner": "hrsh7th",
        "repo": "cmp-nvim-lua",
        "type": "github"
      }
    },
    "vimplugin-cmp-path": {
      "flake": false,
      "locked": {
        "lastModified": 1656504422,
        "narHash": "sha256-5FiEoNvxlopPfsRC4PdHN/gmN4O5ssLMslZaLlUEKJI=",
        "owner": "hrsh7th",
        "repo": "cmp-path",
        "rev": "981baf9525257ac3269e1b6701e376d6fbff6921",
        "type": "github"
      },
      "original": {
        "owner": "hrsh7th",
        "repo": "cmp-path",
        "type": "github"
      }
    },
    "vimplugin-cmp_luasnip": {
      "flake": false,
      "locked": {
        "lastModified": 1651433493,
        "narHash": "sha256-8ocJY5qeAJXFSuTnavXX6NvZyAB0EEn2Y+amrWp8B1Y=",
        "owner": "saadparwaiz1",
        "repo": "cmp_luasnip",
        "rev": "a9de941bcbda508d0a45d28ae366bb3f08db2e36",
        "type": "github"
      },
      "original": {
        "owner": "saadparwaiz1",
        "repo": "cmp_luasnip",
        "type": "github"
      }
    },
    "vimplugin-crates-nvim": {
      "flake": false,
      "locked": {
        "lastModified": 1656337205,
        "narHash": "sha256-vXgk0rHR4dQNRRpdTS65hdOfCfj6SNTUHMSMz4spYlQ=",
        "owner": "saecki",
        "repo": "crates.nvim",
        "rev": "eb34985d420d8f5dffc1de8c428772e73d95ecee",
        "type": "github"
      },
      "original": {
        "owner": "saecki",
        "repo": "crates.nvim",
        "type": "github"
      }
    },
    "vimplugin-direnv-vim": {
      "flake": false,
      "locked": {
        "lastModified": 1649482757,
        "narHash": "sha256-Q3gz9eG9E8jmO4WTN2UCLf+oHO82LkXridts/XiTWfo=",
        "owner": "direnv",
        "repo": "direnv.vim",
        "rev": "4c858b8cd8cbfac998534096e6ffb710d7a07358",
        "type": "github"
      },
      "original": {
        "owner": "direnv",
        "repo": "direnv.vim",
        "type": "github"
      }
    },
    "vimplugin-friendly-snippets": {
      "flake": false,
      "locked": {
        "lastModified": 1656251919,
        "narHash": "sha256-0wEM7ymQgl4JSgjVVBsEpX0IYNqvOGGiV+bZxc3QXRE=",
        "owner": "rafamadriz",
        "repo": "friendly-snippets",
        "rev": "471f3ab20c1ee02d33830f379caaa8edfbd39808",
        "type": "github"
      },
      "original": {
        "owner": "rafamadriz",
        "repo": "friendly-snippets",
        "type": "github"
      }
    },
    "vimplugin-fterm": {
      "flake": false,
      "locked": {
        "lastModified": 1653724471,
        "narHash": "sha256-JXZHe+aGRot/Msgr3AxSIhUo12NX5Xodatnbk3Nrg2Q=",
        "owner": "numtostr",
        "repo": "fterm.nvim",
        "rev": "2628685bddb50370bec6c65be95b68b343ed8443",
        "type": "github"
      },
      "original": {
        "owner": "numtostr",
        "repo": "fterm.nvim",
        "type": "github"
      }
    },
    "vimplugin-fzf-vim": {
      "flake": false,
      "locked": {
        "lastModified": 1656394395,
        "narHash": "sha256-ApOEFApKmNn5rCqZQHoFlNlmXL1xhtuAmrMZvPfOvYo=",
        "owner": "junegunn",
        "repo": "fzf.vim",
        "rev": "c311c0a95fc2529c26ab36a8f530e9dd4426304c",
        "type": "github"
      },
      "original": {
        "owner": "junegunn",
        "repo": "fzf.vim",
        "type": "github"
      }
    },
    "vimplugin-gitsigns-nvim": {
      "flake": false,
      "locked": {
        "lastModified": 1655972936,
        "narHash": "sha256-uwXvvJ9imWc06MOHFevy42EbPtESfYJ1/KmqukGqWNI=",
        "owner": "lewis6991",
        "repo": "gitsigns.nvim",
        "rev": "4883988cf8b623f63cc8c7d3f11b18b7e81f06ff",
        "type": "github"
      },
      "original": {
        "owner": "lewis6991",
        "repo": "gitsigns.nvim",
        "type": "github"
      }
    },
    "vimplugin-guihua": {
      "flake": false,
      "locked": {
        "lastModified": 1656461990,
        "narHash": "sha256-sPOOJ+52Im0+W00OyQ6fxHqKLQRwIHV3w1735n41USE=",
        "owner": "ray-x",
        "repo": "guihua.lua",
        "rev": "554ea2283b116142a725342d33764b2a29657854",
        "type": "github"
      },
      "original": {
        "owner": "ray-x",
        "repo": "guihua.lua",
        "type": "github"
      }
    },
    "vimplugin-indent-blankline": {
      "flake": false,
      "locked": {
        "lastModified": 1656471282,
        "narHash": "sha256-yvGUeOlx5JItZ4c0qu6EHj1gNeDS5w53WBjAEi/W9/I=",
        "owner": "lukas-reineke",
        "repo": "indent-blankline.nvim",
        "rev": "4a58fe6e9854ccfe6c6b0f59abb7cb8301e23025",
        "type": "github"
      },
      "original": {
        "owner": "lukas-reineke",
        "repo": "indent-blankline.nvim",
        "type": "github"
      }
    },
    "vimplugin-lightspeed-nvim": {
      "flake": false,
      "locked": {
        "lastModified": 1655891555,
        "narHash": "sha256-evs+zeu3tU0n4quy007iRyiYPExOZxOAG6ys06BrdBA=",
        "owner": "ggandor",
        "repo": "lightspeed.nvim",
        "rev": "79519bfae95741bc99872582ef0f268fd842115b",
        "type": "github"
      },
      "original": {
        "owner": "ggandor",
        "repo": "lightspeed.nvim",
        "type": "github"
      }
    },
    "vimplugin-lsp-colors-nvim": {
      "flake": false,
      "locked": {
        "lastModified": 1634899382,
        "narHash": "sha256-vXX9/5hulIlDwE9ISZlTMxxrl+Jjyquagv5+AHmEA5c=",
        "owner": "folke",
        "repo": "lsp-colors.nvim",
        "rev": "517fe3ab6b63f9907b093bc9443ef06b56f804f3",
        "type": "github"
      },
      "original": {
        "owner": "folke",
        "repo": "lsp-colors.nvim",
        "type": "github"
      }
    },
    "vimplugin-lsp_signature": {
      "flake": false,
      "locked": {
        "lastModified": 1656461918,
        "narHash": "sha256-NRo01sKQLMutY2kzAspBEJls9/PkodWFOYsa5PhA7sM=",
        "owner": "ray-x",
        "repo": "lsp_signature.nvim",
        "rev": "6c65bc81dd041e7f4e49662bb8fb54cacc66efad",
        "type": "github"
      },
      "original": {
        "owner": "ray-x",
        "repo": "lsp_signature.nvim",
        "type": "github"
      }
    },
    "vimplugin-lspkind-nvim": {
      "flake": false,
      "locked": {
        "lastModified": 1650298271,
        "narHash": "sha256-0103K5lnzWCyuT/qwiBUo5PJ7lUX7fo+zNeEnQClI7A=",
        "owner": "onsails",
        "repo": "lspkind-nvim",
        "rev": "57e5b5dfbe991151b07d272a06e365a77cc3d0e7",
        "type": "github"
      },
      "original": {
        "owner": "onsails",
        "repo": "lspkind-nvim",
        "type": "github"
      }
    },
    "vimplugin-lspsaga-nvim": {
      "flake": false,
      "locked": {
        "lastModified": 1655402478,
        "narHash": "sha256-qW5XXXT2KXFrpeUY6U+5GvsTw26ocNs+bF2Z4qrMsy8=",
        "owner": "tami5",
        "repo": "lspsaga.nvim",
        "rev": "b4f345998fba6c894d5de3aa42cb71a71e6c6ee9",
        "type": "github"
      },
      "original": {
        "owner": "tami5",
        "repo": "lspsaga.nvim",
        "type": "github"
      }
    },
    "vimplugin-lualine": {
      "flake": false,
      "locked": {
        "lastModified": 1655809607,
        "narHash": "sha256-BdaU6JA9NEjfRliW3NsjfQh7u4p0aOb4cAdLSrqZ1x4=",
        "owner": "hoob3rt",
        "repo": "lualine.nvim",
        "rev": "5113cdb32f9d9588a2b56de6d1df6e33b06a554a",
        "type": "github"
      },
      "original": {
        "owner": "hoob3rt",
        "repo": "lualine.nvim",
        "type": "github"
      }
    },
    "vimplugin-luasnip": {
      "flake": false,
      "locked": {
        "lastModified": 1655726863,
        "narHash": "sha256-DaU4w/yIueS+GFWeAZAD5gAH36EDTe17sMhei+pKvhQ=",
        "owner": "l3mon4d3",
        "repo": "luasnip",
        "rev": "a12441e0598e93e67235eba67c8e6fbffc896f06",
        "type": "github"
      },
      "original": {
        "owner": "l3mon4d3",
        "repo": "luasnip",
        "type": "github"
      }
    },
    "vimplugin-navigator": {
      "flake": false,
      "locked": {
        "lastModified": 1656478430,
        "narHash": "sha256-ATQTXZ1la6JrKfw81ENlAmjGpmj8LGA196+a9MKWMDE=",
        "owner": "ray-x",
        "repo": "navigator.lua",
        "rev": "8d77c3ab1e994a8afc6a42698b73a4222b820357",
        "type": "github"
      },
      "original": {
        "owner": "ray-x",
        "repo": "navigator.lua",
        "type": "github"
      }
    },
    "vimplugin-neorg": {
      "flake": false,
      "locked": {
        "lastModified": 1656170559,
        "narHash": "sha256-iWNQkCWPscLBEmga/NTHhIHWBADRSqz7gX+mjm1YraA=",
        "owner": "nvim-neorg",
        "repo": "neorg",
        "rev": "b66bbbf6c951410c91720ab707dc31214c100b82",
        "type": "github"
      },
      "original": {
        "owner": "nvim-neorg",
        "repo": "neorg",
        "type": "github"
      }
    },
    "vimplugin-nerdcommenter": {
      "flake": false,
      "locked": {
        "lastModified": 1653077725,
        "narHash": "sha256-0k24jvTVFfPzl9S4kmUHmRmnGmEMfphWzclym0MVPvQ=",
        "owner": "preservim",
        "repo": "nerdcommenter",
        "rev": "6d30ebcd428eb5a244229a125420a1e044b42b52",
        "type": "github"
      },
      "original": {
        "owner": "preservim",
        "repo": "nerdcommenter",
        "type": "github"
      }
    },
    "vimplugin-nftables": {
      "flake": false,
      "locked": {
        "lastModified": 1593436602,
        "narHash": "sha256-gDBm1e4A+G9dM5/I2F4B+iMKC8wzYhTqe9Ei3Ppzrvw=",
        "owner": "nfnty",
        "repo": "vim-nftables",
        "rev": "26f8a506c6f3e41f1e4a8d6aa94c9a79a666bbff",
        "type": "github"
      },
      "original": {
        "owner": "nfnty",
        "repo": "vim-nftables",
        "type": "github"
      }
    },
    "vimplugin-null-ls-nvim": {
      "flake": false,
      "locked": {
        "lastModified": 1656436524,
        "narHash": "sha256-I1xTh0F8MVerx0UJEQaodWZeQqdd3cYuLdS46Sjds+4=",
        "owner": "jose-elias-alvarez",
        "repo": "null-ls.nvim",
        "rev": "a2b7bf89663c78d58a5494efbb791819a24bb025",
        "type": "github"
      },
      "original": {
        "owner": "jose-elias-alvarez",
        "repo": "null-ls.nvim",
        "type": "github"
      }
    },
    "vimplugin-numb-nvim": {
      "flake": false,
      "locked": {
        "lastModified": 1647760335,
        "narHash": "sha256-NkVcJed2dm4ClIO0r4vEYGfygbwXnKOBK03kJFrVel4=",
        "owner": "nacro90",
        "repo": "numb.nvim",
        "rev": "453c50ab921fa066fb073d2fd0f826cb036eaf7b",
        "type": "github"
      },
      "original": {
        "owner": "nacro90",
        "repo": "numb.nvim",
        "type": "github"
      }
    },
    "vimplugin-nvim-autopairs": {
      "flake": false,
      "locked": {
        "lastModified": 1655557885,
        "narHash": "sha256-8yjfCS+Iilvm6gR4G/GUNLm/Dn8JP2U/aEzbgTwfdqM=",
        "owner": "windwp",
        "repo": "nvim-autopairs",
        "rev": "4a95b3982be7397cd8e1370d1a09503f9b002dbf",
        "type": "github"
      },
      "original": {
        "owner": "windwp",
        "repo": "nvim-autopairs",
        "type": "github"
      }
    },
    "vimplugin-nvim-cmp": {
      "flake": false,
      "locked": {
        "lastModified": 1656504486,
        "narHash": "sha256-5DpwgT1J1vYSLPLkVHopuOrz/aFQbXNccmUTGCCCgcU=",
        "owner": "hrsh7th",
        "repo": "nvim-cmp",
        "rev": "9897465a7663997b7b42372164ffc3635321a2fe",
        "type": "github"
      },
      "original": {
        "owner": "hrsh7th",
        "repo": "nvim-cmp",
        "type": "github"
      }
    },
    "vimplugin-nvim-colorizer": {
      "flake": false,
      "locked": {
        "lastModified": 1591879145,
        "narHash": "sha256-6YrnItxExL2C8pNIdLd+hXCjsB2MbZANwWkah6dreD8=",
        "owner": "norcalli",
        "repo": "nvim-colorizer.lua",
        "rev": "36c610a9717cc9ec426a07c8e6bf3b3abcb139d6",
        "type": "github"
      },
      "original": {
        "owner": "norcalli",
        "repo": "nvim-colorizer.lua",
        "type": "github"
      }
    },
    "vimplugin-nvim-dap": {
      "flake": false,
      "locked": {
        "lastModified": 1656154482,
        "narHash": "sha256-yBlhzqKn296qi9I9bmkclfe/WlBU9uxIaX5whrj4JBc=",
        "owner": "mfussenegger",
        "repo": "nvim-dap",
        "rev": "3b5e4b77e81451db4c83fb3ee4aeb89711a8b539",
        "type": "github"
      },
      "original": {
        "owner": "mfussenegger",
        "repo": "nvim-dap",
        "type": "github"
      }
    },
    "vimplugin-nvim-dap-ui": {
      "flake": false,
      "locked": {
        "lastModified": 1656236400,
        "narHash": "sha256-kHjmlUvdKQyuSbAXa9Kjp7uovmZB9MCshWAB8e3S17k=",
        "owner": "rcarriga",
        "repo": "nvim-dap-ui",
        "rev": "b0bc932ce6ca57bdec5536d773ab643e5b2f57ad",
        "type": "github"
      },
      "original": {
        "owner": "rcarriga",
        "repo": "nvim-dap-ui",
        "type": "github"
      }
    },
    "vimplugin-nvim-hlslens": {
      "flake": false,
      "locked": {
        "lastModified": 1654965015,
        "narHash": "sha256-UaQxGCmZ3cAwTQcLLTyWPZl93xk+xkIjNOf3FfjbXTw=",
        "owner": "kevinhwang91",
        "repo": "nvim-hlslens",
        "rev": "6cd78e73b28af4618cf67a470e53e13d59899914",
        "type": "github"
      },
      "original": {
        "owner": "kevinhwang91",
        "repo": "nvim-hlslens",
        "type": "github"
      }
    },
    "vimplugin-nvim-lspconfig": {
      "flake": false,
      "locked": {
        "lastModified": 1656501699,
        "narHash": "sha256-O8Jq9eeWqYv9hQEAZpbsmUPDzd23naWN1dUbCOO7Bx8=",
        "owner": "neovim",
        "repo": "nvim-lspconfig",
        "rev": "057ca6b7f5312f323eb7212f9282ed723560bc3f",
        "type": "github"
      },
      "original": {
        "owner": "neovim",
        "repo": "nvim-lspconfig",
        "type": "github"
      }
    },
    "vimplugin-nvim-notify": {
      "flake": false,
      "locked": {
        "lastModified": 1655547143,
        "narHash": "sha256-crj7ANRLVFsM6rjGEzSQO7vxszo1X9Jh5GxpBVEZl8w=",
        "owner": "rcarriga",
        "repo": "nvim-notify",
        "rev": "7caeaaef257ecbe95473ec79e5a82757b544f1fd",
        "type": "github"
      },
      "original": {
        "owner": "rcarriga",
        "repo": "nvim-notify",
        "type": "github"
      }
    },
    "vimplugin-nvim-scrollbar": {
      "flake": false,
      "locked": {
        "lastModified": 1655165533,
        "narHash": "sha256-1RADFi4CRadFn9Q+E9pOhiPnZGDKs4WQycbXZB47I4I=",
        "owner": "petertriho",
        "repo": "nvim-scrollbar",
        "rev": "3ef33825db78e663ef6284f4056ce7aaa6cfe1c9",
        "type": "github"
      },
      "original": {
        "owner": "petertriho",
        "repo": "nvim-scrollbar",
        "type": "github"
      }
    },
    "vimplugin-nvim-tree": {
      "flake": false,
      "locked": {
        "lastModified": 1656433782,
        "narHash": "sha256-nghaXEyVMzRdpAPoJWoDBuPVAEUCkk3iNeBjUuNp71Q=",
        "owner": "kyazdani42",
        "repo": "nvim-tree.lua",
        "rev": "72858986f9de019dc0e151c76090de29954081f0",
        "type": "github"
      },
      "original": {
        "owner": "kyazdani42",
        "repo": "nvim-tree.lua",
        "type": "github"
      }
    },
    "vimplugin-nvim-treesitter": {
      "flake": false,
      "locked": {
        "lastModified": 1656486851,
        "narHash": "sha256-RlOM46+u2Lk+BiZq2HbiMTNAd5NKJOeaOlVIIxgxv+k=",
        "owner": "nvim-treesitter",
        "repo": "nvim-treesitter",
        "rev": "989c75046c46d2ed96bb65c5badd6b8f785e7f09",
        "type": "github"
      },
      "original": {
        "owner": "nvim-treesitter",
        "repo": "nvim-treesitter",
        "type": "github"
      }
    },
    "vimplugin-nvim-treesitter-context": {
      "flake": false,
      "locked": {
        "lastModified": 1655725028,
        "narHash": "sha256-QkqOjmL2lgC2m6bS8QgCv8s55Z5S+rr8aWwSOXSl/R4=",
        "owner": "romgrk",
        "repo": "nvim-treesitter-context",
        "rev": "b05cd9cbb972f48b583b581615a046f814ccaca0",
        "type": "github"
      },
      "original": {
        "owner": "romgrk",
        "repo": "nvim-treesitter-context",
        "type": "github"
      }
    },
    "vimplugin-nvim-ts-rainbow": {
      "flake": false,
      "locked": {
        "lastModified": 1655820162,
        "narHash": "sha256-UqPercvsiDjVk7hSSfOAl6jThwAfxJhtLlbjNRTcmYA=",
        "owner": "p00f",
        "repo": "nvim-ts-rainbow",
        "rev": "837167f63445821c55e6eed9dbdac1b0b29afa92",
        "type": "github"
      },
      "original": {
        "owner": "p00f",
        "repo": "nvim-ts-rainbow",
        "type": "github"
      }
    },
    "vimplugin-nvim-web-devicons": {
      "flake": false,
      "locked": {
        "lastModified": 1653947674,
        "narHash": "sha256-Y+vKEk2TDEB/ij2gNXv3CEa7aqapuItCj74LvsAvYkk=",
        "owner": "kyazdani42",
        "repo": "nvim-web-devicons",
        "rev": "8d2c5337f0a2d0a17de8e751876eeb192b32310e",
        "type": "github"
      },
      "original": {
        "owner": "kyazdani42",
        "repo": "nvim-web-devicons",
        "type": "github"
      }
    },
    "vimplugin-plenary-nvim": {
      "flake": false,
      "locked": {
        "lastModified": 1655062860,
        "narHash": "sha256-pZ/x59dlSy4STWttE7wZMiVY2+vMY33FYpICk76FqRc=",
        "owner": "nvim-lua",
        "repo": "plenary.nvim",
        "rev": "968a4b9afec0c633bc369662e78f8c5db0eba249",
        "type": "github"
      },
      "original": {
        "owner": "nvim-lua",
        "repo": "plenary.nvim",
        "type": "github"
      }
    },
    "vimplugin-popup-nvim": {
      "flake": false,
      "locked": {
        "lastModified": 1637254091,
        "narHash": "sha256-dNWz/xovUg55fDZUpVs/2kLphk3lqQyvPtc9ATwbeSQ=",
        "owner": "nvim-lua",
        "repo": "popup.nvim",
        "rev": "b7404d35d5d3548a82149238289fa71f7f6de4ac",
        "type": "github"
      },
      "original": {
        "owner": "nvim-lua",
        "repo": "popup.nvim",
        "type": "github"
      }
    },
    "vimplugin-rust-tools": {
      "flake": false,
      "locked": {
        "lastModified": 1652859719,
        "narHash": "sha256-ubO9Xoeg7ZSRJinMM1iZ8KF4sHHuQ7Npo/wqliSXvE0=",
        "owner": "simrat39",
        "repo": "rust-tools.nvim",
        "rev": "11dcd674781ba68a951ab4c7b740553cae8fe671",
        "type": "github"
      },
      "original": {
        "owner": "simrat39",
        "repo": "rust-tools.nvim",
        "type": "github"
      }
    },
    "vimplugin-telescope-dap-nvim": {
      "flake": false,
      "locked": {
        "lastModified": 1616786019,
        "narHash": "sha256-aGiBknPDjYL4Vlp0DKbJpsKiEaA5dzgg87FQvgThl7k=",
        "owner": "nvim-telescope",
        "repo": "telescope-dap.nvim",
        "rev": "b4134fff5cbaf3b876e6011212ed60646e56f060",
        "type": "github"
      },
      "original": {
        "owner": "nvim-telescope",
        "repo": "telescope-dap.nvim",
        "type": "github"
      }
    },
    "vimplugin-telescope-fzf-nvim": {
      "flake": false,
      "locked": {
        "lastModified": 1654781174,
        "narHash": "sha256-yd0+0eGLpas+N3JB2dVigr+8GEPEOT7F1dhCZ8K0X+s=",
        "owner": "nvim-telescope",
        "repo": "telescope-fzf-native.nvim",
        "rev": "6a33ecefa9b3d9ade654f9a7a6396a00c3758ca6",
        "type": "github"
      },
      "original": {
        "owner": "nvim-telescope",
        "repo": "telescope-fzf-native.nvim",
        "type": "github"
      }
    },
    "vimplugin-telescope-ghq": {
      "flake": false,
      "locked": {
        "lastModified": 1638784863,
        "narHash": "sha256-Uct+2jg9qZD7V3eSnICLNu2jpaQLc3ugW8qunPiAynM=",
        "owner": "nvim-telescope",
        "repo": "telescope-ghq.nvim",
        "rev": "dc1022f91100ca06c9c7bd645f08e2bf985ad283",
        "type": "github"
      },
      "original": {
        "owner": "nvim-telescope",
        "repo": "telescope-ghq.nvim",
        "type": "github"
      }
    },
    "vimplugin-telescope-lsp-handlers": {
      "flake": false,
      "locked": {
        "lastModified": 1631051048,
        "narHash": "sha256-y3Sx/kiEs1uERjuP2uUQJCScCEgIao0lq5wNFiStofQ=",
        "owner": "gbrlsnchs",
        "repo": "telescope-lsp-handlers.nvim",
        "rev": "d6d5983b0131ee2c386ca9e349f6621e12d971cb",
        "type": "github"
      },
      "original": {
        "owner": "gbrlsnchs",
        "repo": "telescope-lsp-handlers.nvim",
        "type": "github"
      }
    },
    "vimplugin-telescope-nvim": {
      "flake": false,
      "locked": {
        "lastModified": 1655553445,
        "narHash": "sha256-gNqDWAnzDjW5DMrcgea4U/63iuAtjzYCSTeIZk2IUIU=",
        "owner": "nvim-telescope",
        "repo": "telescope.nvim",
        "rev": "d88b44ddf14670cffa9fdb1eaca7a0429a973653",
        "type": "github"
      },
      "original": {
        "owner": "nvim-telescope",
        "repo": "telescope.nvim",
        "type": "github"
      }
    },
    "vimplugin-telescope-ui-select": {
      "flake": false,
      "locked": {
        "lastModified": 1651305900,
        "narHash": "sha256-/JM2KX70JXa3sydrUj13Vd4rRwhn3VrdW7qLLHqIqyY=",
        "owner": "nvim-telescope",
        "repo": "telescope-ui-select.nvim",
        "rev": "62ea5e58c7bbe191297b983a9e7e89420f581369",
        "type": "github"
      },
      "original": {
        "owner": "nvim-telescope",
        "repo": "telescope-ui-select.nvim",
        "type": "github"
      }
    },
    "vimplugin-telescope-zoxide": {
      "flake": false,
      "locked": {
        "lastModified": 1634807614,
        "narHash": "sha256-NAv3yXsG2pJV8OHzc7myZ/4tKg37+u/eOBCLDwGApzY=",
        "owner": "jvgrootveld",
        "repo": "telescope-zoxide",
        "rev": "b51b7f4ba0e2a08bc764fb2ee39e0bc68eec79b5",
        "type": "github"
      },
      "original": {
        "owner": "jvgrootveld",
        "repo": "telescope-zoxide",
        "type": "github"
      }
    },
    "vimplugin-trouble-nvim": {
      "flake": false,
      "locked": {
        "lastModified": 1652074521,
        "narHash": "sha256-YfhujgR+EGtvBVAk7VSIWudyUIXVv+LQVPBV9FMuRKk=",
        "owner": "folke",
        "repo": "trouble.nvim",
        "rev": "da61737d860ddc12f78e638152834487eabf0ee5",
        "type": "github"
      },
      "original": {
        "owner": "folke",
        "repo": "trouble.nvim",
        "type": "github"
      }
    },
    "vimplugin-vim-nickel": {
      "flake": false,
      "locked": {
        "lastModified": 1647439425,
        "narHash": "sha256-eOxZECuK0yjtVc69+0CglSM54EesCSJ3xqwSEwrjI9I=",
        "owner": "nickel-lang",
        "repo": "vim-nickel",
        "rev": "2f0f5f8ce2a8e719a5e39d7210ca914ae403374c",
        "type": "github"
      },
      "original": {
        "owner": "nickel-lang",
        "repo": "vim-nickel",
        "type": "github"
      }
    },
    "vimplugin-vim-vsnip": {
      "flake": false,
      "locked": {
        "lastModified": 1650631622,
        "narHash": "sha256-USltEc6QGHwMqx7E9wo9qZmq+pm9FLj0CUcKoE7KPLU=",
        "owner": "hrsh7th",
        "repo": "vim-vsnip",
        "rev": "8f199ef690ed26dcbb8973d9a6760d1332449ac9",
        "type": "github"
      },
      "original": {
        "owner": "hrsh7th",
        "repo": "vim-vsnip",
        "type": "github"
      }
    },
    "vimplugin-vim-vsnip-integ": {
      "flake": false,
      "locked": {
        "lastModified": 1650250768,
        "narHash": "sha256-6BOGQLXlNV6yWA0QP4lWYaqyl42P/Va+PqxnEQLvk2Q=",
        "owner": "hrsh7th",
        "repo": "vim-vsnip-integ",
        "rev": "64c2ed66406c58163cf81fb5e13ac2f9fcdfb52b",
        "type": "github"
      },
      "original": {
        "owner": "hrsh7th",
        "repo": "vim-vsnip-integ",
        "type": "github"
      }
    },
    "vimplugin-which-key-nvim": {
      "flake": false,
      "locked": {
        "lastModified": 1651651877,
        "narHash": "sha256-UoV9H3oVJL1BPmuG+/eU4cG1s7thOrcrPyat9npBxm0=",
        "owner": "folke",
        "repo": "which-key.nvim",
        "rev": "bd4411a2ed4dd8bb69c125e339d837028a6eea71",
        "type": "github"
      },
      "original": {
        "owner": "folke",
        "repo": "which-key.nvim",
        "type": "github"
      }
    }
  },
  "root": "root",
  "version": 7
}
