{
  "nodes": {
    "flake-utils": {
      "locked": {
        "lastModified": 1659877975,
        "narHash": "sha256-zllb8aq3YO3h8B/U0/J1WBgAL8EX5yWf5pMj3G0NAmc=",
        "owner": "numtide",
        "repo": "flake-utils",
        "rev": "c0e246b9b83f637f4681389ecabcb2681b4f3af0",
        "type": "github"
      },
      "original": {
        "owner": "numtide",
        "repo": "flake-utils",
        "type": "github"
      }
    },
    "macname": {
      "inputs": {
        "nixpkgs": "nixpkgs_2"
      },
      "locked": {
        "lastModified": 1649159517,
        "narHash": "sha256-s8/Z7jf/8PzEV8ZFcTyB3QlJ0WvQZBp4pttRQFt/U9U=",
        "owner": "vkleen",
        "repo": "macname",
        "rev": "b68cefc68a3de8909c38d0a617c288af8b64c318",
        "type": "github"
      },
      "original": {
        "owner": "vkleen",
        "repo": "macname",
        "type": "github"
      }
    },
    "neovim-flake": {
      "inputs": {
        "flake-utils": "flake-utils",
        "nixpkgs": [
          "nixpkgs"
        ]
      },
      "locked": {
        "dir": "contrib",
        "lastModified": 1667232613,
        "narHash": "sha256-3VLXD0EhyRM+UdVtGnh23l8onEQYrgu36u1Stdl1iKw=",
        "owner": "neovim",
        "repo": "neovim",
        "rev": "bf3cbee630eec82d95520cd3e9688ef1732c298e",
        "type": "github"
      },
      "original": {
        "dir": "contrib",
        "owner": "neovim",
        "repo": "neovim",
        "type": "github"
      }
    },
    "nixpkgs": {
      "locked": {
        "lastModified": 1667235835,
        "narHash": "sha256-Bqwr71TUkZ/1ubDa7KoqgyQSj9gZeynUK4lDWEa8dbE=",
        "owner": "NixOS",
        "repo": "nixpkgs",
        "rev": "b7fddb65f4b695abc0a43b58effac5c45db59cf5",
        "type": "github"
      },
      "original": {
        "owner": "NixOS",
        "repo": "nixpkgs",
        "type": "github"
      }
    },
    "nixpkgs_2": {
      "locked": {
        "lastModified": 1649158400,
        "narHash": "sha256-zifk5dGzYd7Plr1nbudIzwHJHXqXiddDlu6eId4PElg=",
        "owner": "NixOS",
        "repo": "nixpkgs",
        "rev": "0c7c76fa9e2f5c7b446c1182c79eabac08588392",
        "type": "github"
      },
      "original": {
        "owner": "NixOS",
        "repo": "nixpkgs",
        "type": "github"
      }
    },
    "root": {
      "inputs": {
        "neovim-flake": "neovim-flake",
        "nixpkgs": "nixpkgs",
        "utils": "utils",
        "vimplugin-nvim-treesitter": "vimplugin-nvim-treesitter",
        "vimplugin-nvim-treesitter-context": "vimplugin-nvim-treesitter-context"
      }
    },
    "utils": {
      "inputs": {
        "macname": "macname",
        "nixpkgs": [
          "nixpkgs"
        ]
      },
      "locked": {
        "lastModified": 1649159676,
        "narHash": "sha256-HLL3AQqMG6iMaNzkEtG3n+MbP8DOKsj6/MO+q3XrCJs=",
        "owner": "vkleen",
        "repo": "machine-utils",
        "rev": "af714acdca27d243a07063eda67a3bcb97041390",
        "type": "github"
      },
      "original": {
        "owner": "vkleen",
        "repo": "machine-utils",
        "type": "github"
      }
    },
    "vimplugin-nvim-treesitter": {
      "flake": false,
      "locked": {
        "lastModified": 1667220685,
        "narHash": "sha256-oS7D9L9zX4C8CGpGzYOqgqf5pCC8xyKb6HaoxnBWMq8=",
        "owner": "nvim-treesitter",
        "repo": "nvim-treesitter",
        "rev": "80503a99104e461599ef8810a64bce1b6d235f6a",
        "type": "github"
      },
      "original": {
        "owner": "nvim-treesitter",
        "repo": "nvim-treesitter",
        "type": "github"
      }
    },
    "vimplugin-nvim-treesitter-context": {
      "flake": false,
      "locked": {
        "lastModified": 1666716816,
        "narHash": "sha256-F/KG22eYJcFXGRjvJkv7slESxJJEjy66ladyLs+ZNJQ=",
        "owner": "romgrk",
        "repo": "nvim-treesitter-context",
        "rev": "0dd5eae6dbf226107da2c2041ffbb695d9e267c1",
        "type": "github"
      },
      "original": {
        "owner": "romgrk",
        "repo": "nvim-treesitter-context",
        "type": "github"
      }
    }
  },
  "root": "root",
  "version": 7
}
